// !$*UTF8*$!
{
	archiveVersion = 1;
	classes = {
	};
	objectVersion = 50;
	objects = {

/* Begin PBXBuildFile section */
		23DEF4642631C7F7002CF485 /* EditCards.swift in Sources */ = {isa = PBXBuildFile; fileRef = 23DEF4632631C7F7002CF485 /* EditCards.swift */; };
		23FCDBAF262EAB7B00F6D53C /* YoliFlashZillaApp.swift in Sources */ = {isa = PBXBuildFile; fileRef = 23FCDBAE262EAB7B00F6D53C /* YoliFlashZillaApp.swift */; };
		23FCDBB1262EAB7B00F6D53C /* ContentView.swift in Sources */ = {isa = PBXBuildFile; fileRef = 23FCDBB0262EAB7B00F6D53C /* ContentView.swift */; };
		23FCDBB3262EAB7D00F6D53C /* Assets.xcassets in Resources */ = {isa = PBXBuildFile; fileRef = 23FCDBB2262EAB7D00F6D53C /* Assets.xcassets */; };
		23FCDBB6262EAB7D00F6D53C /* Preview Assets.xcassets in Resources */ = {isa = PBXBuildFile; fileRef = 23FCDBB5262EAB7D00F6D53C /* Preview Assets.xcassets */; };
		23FCDBBF262EABB700F6D53C /* Card.swift in Sources */ = {isa = PBXBuildFile; fileRef = 23FCDBBE262EABB700F6D53C /* Card.swift */; };
		23FCDBC2262EABDE00F6D53C /* CardView.swift in Sources */ = {isa = PBXBuildFile; fileRef = 23FCDBC1262EABDE00F6D53C /* CardView.swift */; };
		5442CC7E2A32261600AA6BBF /* DecksView.swift in Sources */ = {isa = PBXBuildFile; fileRef = 5442CC7D2A32261600AA6BBF /* DecksView.swift */; };
/* End PBXBuildFile section */

/* Begin PBXFileReference section */
		23DEF4632631C7F7002CF485 /* EditCards.swift */ = {isa = PBXFileReference; lastKnownFileType = sourcecode.swift; path = EditCards.swift; sourceTree = "<group>"; };
		23FCDBAB262EAB7B00F6D53C /* YoliFlashZilla.app */ = {isa = PBXFileReference; explicitFileType = wrapper.application; includeInIndex = 0; path = YoliFlashZilla.app; sourceTree = BUILT_PRODUCTS_DIR; };
		23FCDBAE262EAB7B00F6D53C /* YoliFlashZillaApp.swift */ = {isa = PBXFileReference; lastKnownFileType = sourcecode.swift; path = YoliFlashZillaApp.swift; sourceTree = "<group>"; };
		23FCDBB0262EAB7B00F6D53C /* ContentView.swift */ = {isa = PBXFileReference; lastKnownFileType = sourcecode.swift; path = ContentView.swift; sourceTree = "<group>"; };
		23FCDBB2262EAB7D00F6D53C /* Assets.xcassets */ = {isa = PBXFileReference; lastKnownFileType = folder.assetcatalog; path = Assets.xcassets; sourceTree = "<group>"; };
		23FCDBB5262EAB7D00F6D53C /* Preview Assets.xcassets */ = {isa = PBXFileReference; lastKnownFileType = folder.assetcatalog; path = "Preview Assets.xcassets"; sourceTree = "<group>"; };
		23FCDBB7262EAB7D00F6D53C /* Info.plist */ = {isa = PBXFileReference; lastKnownFileType = text.plist.xml; path = Info.plist; sourceTree = "<group>"; };
		23FCDBBE262EABB700F6D53C /* Card.swift */ = {isa = PBXFileReference; lastKnownFileType = sourcecode.swift; path = Card.swift; sourceTree = "<group>"; };
		23FCDBC1262EABDE00F6D53C /* CardView.swift */ = {isa = PBXFileReference; lastKnownFileType = sourcecode.swift; path = CardView.swift; sourceTree = "<group>"; };
		5442CC7D2A32261600AA6BBF /* DecksView.swift */ = {isa = PBXFileReference; lastKnownFileType = sourcecode.swift; path = DecksView.swift; sourceTree = "<group>"; };
/* End PBXFileReference section */

/* Begin PBXFrameworksBuildPhase section */
		23FCDBA8262EAB7B00F6D53C /* Frameworks */ = {
			isa = PBXFrameworksBuildPhase;
			buildActionMask = 2147483647;
			files = (
			);
			runOnlyForDeploymentPostprocessing = 0;
		};
/* End PBXFrameworksBuildPhase section */

/* Begin PBXGroup section */
		23FCDBA2262EAB7B00F6D53C = {
			isa = PBXGroup;
			children = (
				23FCDBAD262EAB7B00F6D53C /* YoliFlashZilla */,
				23FCDBAC262EAB7B00F6D53C /* Products */,
			);
			sourceTree = "<group>";
		};
		23FCDBAC262EAB7B00F6D53C /* Products */ = {
			isa = PBXGroup;
			children = (
				23FCDBAB262EAB7B00F6D53C /* YoliFlashZilla.app */,
			);
			name = Products;
			sourceTree = "<group>";
		};
		23FCDBAD262EAB7B00F6D53C /* YoliFlashZilla */ = {
			isa = PBXGroup;
			children = (
				23FCDBAE262EAB7B00F6D53C /* YoliFlashZillaApp.swift */,
				23FCDBB0262EAB7B00F6D53C /* ContentView.swift */,
				5442CC7D2A32261600AA6BBF /* DecksView.swift */,
				23FCDBBE262EABB700F6D53C /* Card.swift */,
				23DEF4632631C7F7002CF485 /* EditCards.swift */,
				23FCDBC1262EABDE00F6D53C /* CardView.swift */,
				23FCDBB2262EAB7D00F6D53C /* Assets.xcassets */,
				23FCDBB7262EAB7D00F6D53C /* Info.plist */,
				23FCDBB4262EAB7D00F6D53C /* Preview Content */,
			);
			path = YoliFlashZilla;
			sourceTree = "<group>";
		};
		23FCDBB4262EAB7D00F6D53C /* Preview Content */ = {
			isa = PBXGroup;
			children = (
				23FCDBB5262EAB7D00F6D53C /* Preview Assets.xcassets */,
			);
			path = "Preview Content";
			sourceTree = "<group>";
		};
/* End PBXGroup section */

/* Begin PBXNativeTarget section */
		23FCDBAA262EAB7B00F6D53C /* YoliFlashZilla */ = {
			isa = PBXNativeTarget;
			buildConfigurationList = 23FCDBBA262EAB7D00F6D53C /* Build configuration list for PBXNativeTarget "YoliFlashZilla" */;
			buildPhases = (
				23FCDBA7262EAB7B00F6D53C /* Sources */,
				23FCDBA8262EAB7B00F6D53C /* Frameworks */,
				23FCDBA9262EAB7B00F6D53C /* Resources */,
			);
			buildRules = (
			);
			dependencies = (
			);
			name = YoliFlashZilla;
			productName = YoliFlashZilla;
			productReference = 23FCDBAB262EAB7B00F6D53C /* YoliFlashZilla.app */;
			productType = "com.apple.product-type.application";
		};
/* End PBXNativeTarget section */

/* Begin PBXProject section */
		23FCDBA3262EAB7B00F6D53C /* Project object */ = {
			isa = PBXProject;
			attributes = {
				LastSwiftUpdateCheck = 1240;
				LastUpgradeCheck = 1240;
				TargetAttributes = {
					23FCDBAA262EAB7B00F6D53C = {
						CreatedOnToolsVersion = 12.4;
					};
				};
			};
			buildConfigurationList = 23FCDBA6262EAB7B00F6D53C /* Build configuration list for PBXProject "YoliFlashZilla" */;
			compatibilityVersion = "Xcode 9.3";
			developmentRegion = en;
			hasScannedForEncodings = 0;
			knownRegions = (
				en,
				Base,
			);
			mainGroup = 23FCDBA2262EAB7B00F6D53C;
			productRefGroup = 23FCDBAC262EAB7B00F6D53C /* Products */;
			projectDirPath = "";
			projectRoot = "";
			targets = (
				23FCDBAA262EAB7B00F6D53C /* YoliFlashZilla */,
			);
		};
/* End PBXProject section */

/* Begin PBXResourcesBuildPhase section */
		23FCDBA9262EAB7B00F6D53C /* Resources */ = {
			isa = PBXResourcesBuildPhase;
			buildActionMask = 2147483647;
			files = (
				23FCDBB6262EAB7D00F6D53C /* Preview Assets.xcassets in Resources */,
				23FCDBB3262EAB7D00F6D53C /* Assets.xcassets in Resources */,
			);
			runOnlyForDeploymentPostprocessing = 0;
		};
/* End PBXResourcesBuildPhase section */

/* Begin PBXSourcesBuildPhase section */
		23FCDBA7262EAB7B00F6D53C /* Sources */ = {
			isa = PBXSourcesBuildPhase;
			buildActionMask = 2147483647;
			files = (
				23FCDBB1262EAB7B00F6D53C /* ContentView.swift in Sources */,
				23FCDBBF262EABB700F6D53C /* Card.swift in Sources */,
				23FCDBC2262EABDE00F6D53C /* CardView.swift in Sources */,
				23DEF4642631C7F7002CF485 /* EditCards.swift in Sources */,
				23FCDBAF262EAB7B00F6D53C /* YoliFlashZillaApp.swift in Sources */,
				5442CC7E2A32261600AA6BBF /* DecksView.swift in Sources */,
			);
			runOnlyForDeploymentPostprocessing = 0;
		};
/* End PBXSourcesBuildPhase section */

/* Begin XCBuildConfiguration section */
		23FCDBB8262EAB7D00F6D53C /* Debug */ = {
			isa = XCBuildConfiguration;
			buildSettings = {
				ALWAYS_SEARCH_USER_PATHS = NO;
				CLANG_ANALYZER_NONNULL = YES;
				CLANG_ANALYZER_NUMBER_OBJECT_CONVERSION = YES_AGGRESSIVE;
				CLANG_CXX_LANGUAGE_STANDARD = "gnu++14";
				CLANG_CXX_LIBRARY = "libc++";
				CLANG_ENABLE_MODULES = YES;
				CLANG_ENABLE_OBJC_ARC = YES;
				CLANG_ENABLE_OBJC_WEAK = YES;
				CLANG_WARN_BLOCK_CAPTURE_AUTORELEASING = YES;
				CLANG_WARN_BOOL_CONVERSION = YES;
				CLANG_WARN_COMMA = YES;
				CLANG_WARN_CONSTANT_CONVERSION = YES;
				CLANG_WARN_DEPRECATED_OBJC_IMPLEMENTATIONS = YES;
				CLANG_WARN_DIRECT_OBJC_ISA_USAGE = YES_ERROR;
				CLANG_WARN_DOCUMENTATION_COMMENTS = YES;
				CLANG_WARN_EMPTY_BODY = YES;
				CLANG_WARN_ENUM_CONVERSION = YES;
				CLANG_WARN_INFINITE_RECURSION = YES;
				CLANG_WARN_INT_CONVERSION = YES;
				CLANG_WARN_NON_LITERAL_NULL_CONVERSION = YES;
				CLANG_WARN_OBJC_IMPLICIT_RETAIN_SELF = YES;
				CLANG_WARN_OBJC_LITERAL_CONVERSION = YES;
				CLANG_WARN_OBJC_ROOT_CLASS = YES_ERROR;
				CLANG_WARN_QUOTED_INCLUDE_IN_FRAMEWORK_HEADER = YES;
				CLANG_WARN_RANGE_LOOP_ANALYSIS = YES;
				CLANG_WARN_STRICT_PROTOTYPES = YES;
				CLANG_WARN_SUSPICIOUS_MOVE = YES;
				CLANG_WARN_UNGUARDED_AVAILABILITY = YES_AGGRESSIVE;
				CLANG_WARN_UNREACHABLE_CODE = YES;
				CLANG_WARN__DUPLICATE_METHOD_MATCH = YES;
				COPY_PHASE_STRIP = NO;
				DEBUG_INFORMATION_FORMAT = dwarf;
				ENABLE_STRICT_OBJC_MSGSEND = YES;
				ENABLE_TESTABILITY = YES;
				GCC_C_LANGUAGE_STANDARD = gnu11;
				GCC_DYNAMIC_NO_PIC = NO;
				GCC_NO_COMMON_BLOCKS = YES;
				GCC_OPTIMIZATION_LEVEL = 0;
				GCC_PREPROCESSOR_DEFINITIONS = (
					"DEBUG=1",
					"$(inherited)",
				);
				GCC_WARN_64_TO_32_BIT_CONVERSION = YES;
				GCC_WARN_ABOUT_RETURN_TYPE = YES_ERROR;
				GCC_WARN_UNDECLARED_SELECTOR = YES;
				GCC_WARN_UNINITIALIZED_AUTOS = YES_AGGRESSIVE;
				GCC_WARN_UNUSED_FUNCTION = YES;
				GCC_WARN_UNUSED_VARIABLE = YES;
				IPHONEOS_DEPLOYMENT_TARGET = 14.4;
				MTL_ENABLE_DEBUG_INFO = INCLUDE_SOURCE;
				MTL_FAST_MATH = YES;
				ONLY_ACTIVE_ARCH = YES;
				SDKROOT = iphoneos;
				SWIFT_ACTIVE_COMPILATION_CONDITIONS = DEBUG;
				SWIFT_OPTIMIZATION_LEVEL = "-Onone";
			};
			name = Debug;
		};
		23FCDBB9262EAB7D00F6D53C /* Release */ = {
			isa = XCBuildConfiguration;
			buildSettings = {
				ALWAYS_SEARCH_USER_PATHS = NO;
				CLANG_ANALYZER_NONNULL = YES;
				CLANG_ANALYZER_NUMBER_OBJECT_CONVERSION = YES_AGGRESSIVE;
				CLANG_CXX_LANGUAGE_STANDARD = "gnu++14";
				CLANG_CXX_LIBRARY = "libc++";
				CLANG_ENABLE_MODULES = YES;
				CLANG_ENABLE_OBJC_ARC = YES;
				CLANG_ENABLE_OBJC_WEAK = YES;
				CLANG_WARN_BLOCK_CAPTURE_AUTORELEASING = YES;
				CLANG_WARN_BOOL_CONVERSION = YES;
				CLANG_WARN_COMMA = YES;
				CLANG_WARN_CONSTANT_CONVERSION = YES;
				CLANG_WARN_DEPRECATED_OBJC_IMPLEMENTATIONS = YES;
				CLANG_WARN_DIRECT_OBJC_ISA_USAGE = YES_ERROR;
				CLANG_WARN_DOCUMENTATION_COMMENTS = YES;
				CLANG_WARN_EMPTY_BODY = YES;
				CLANG_WARN_ENUM_CONVERSION = YES;
				CLANG_WARN_INFINITE_RECURSION = YES;
				CLANG_WARN_INT_CONVERSION = YES;
				CLANG_WARN_NON_LITERAL_NULL_CONVERSION = YES;
				CLANG_WARN_OBJC_IMPLICIT_RETAIN_SELF = YES;
				CLANG_WARN_OBJC_LITERAL_CONVERSION = YES;
				CLANG_WARN_OBJC_ROOT_CLASS = YES_ERROR;
				CLANG_WARN_QUOTED_INCLUDE_IN_FRAMEWORK_HEADER = YES;
				CLANG_WARN_RANGE_LOOP_ANALYSIS = YES;
				CLANG_WARN_STRICT_PROTOTYPES = YES;
				CLANG_WARN_SUSPICIOUS_MOVE = YES;
				CLANG_WARN_UNGUARDED_AVAILABILITY = YES_AGGRESSIVE;
				CLANG_WARN_UNREACHABLE_CODE = YES;
				CLANG_WARN__DUPLICATE_METHOD_MATCH = YES;
				COPY_PHASE_STRIP = NO;
				DEBUG_INFORMATION_FORMAT = "dwarf-with-dsym";
				ENABLE_NS_ASSERTIONS = NO;
				ENABLE_STRICT_OBJC_MSGSEND = YES;
				GCC_C_LANGUAGE_STANDARD = gnu11;
				GCC_NO_COMMON_BLOCKS = YES;
				GCC_WARN_64_TO_32_BIT_CONVERSION = YES;
				GCC_WARN_ABOUT_RETURN_TYPE = YES_ERROR;
				GCC_WARN_UNDECLARED_SELECTOR = YES;
				GCC_WARN_UNINITIALIZED_AUTOS = YES_AGGRESSIVE;
				GCC_WARN_UNUSED_FUNCTION = YES;
				GCC_WARN_UNUSED_VARIABLE = YES;
				IPHONEOS_DEPLOYMENT_TARGET = 14.4;
				MTL_ENABLE_DEBUG_INFO = NO;
				MTL_FAST_MATH = YES;
				SDKROOT = iphoneos;
				SWIFT_COMPILATION_MODE = wholemodule;
				SWIFT_OPTIMIZATION_LEVEL = "-O";
				VALIDATE_PRODUCT = YES;
			};
			name = Release;
		};
		23FCDBBB262EAB7D00F6D53C /* Debug */ = {
			isa = XCBuildConfiguration;
			buildSettings = {
				ASSETCATALOG_COMPILER_APPICON_NAME = AppIcon;
				ASSETCATALOG_COMPILER_GLOBAL_ACCENT_COLOR_NAME = AccentColor;
				CODE_SIGN_STYLE = Automatic;
				DEVELOPMENT_ASSET_PATHS = "\"YoliFlashZilla/Preview Content\"";
				DEVELOPMENT_TEAM = N8FYB826GQ;
				ENABLE_PREVIEWS = YES;
				INFOPLIST_FILE = YoliFlashZilla/Info.plist;
				IPHONEOS_DEPLOYMENT_TARGET = 14.0;
				LD_RUNPATH_SEARCH_PATHS = (
					"$(inherited)",
					"@executable_path/Frameworks",
				);
				PRODUCT_BUNDLE_IDENTIFIER = com.yolandafrutos.YoliFlashZilla;
				PRODUCT_NAME = "$(TARGET_NAME)";
				SWIFT_VERSION = 5.0;
				TARGETED_DEVICE_FAMILY = "1,2";
			};
			name = Debug;
		};
		23FCDBBC262EAB7D00F6D53C /* Release */ = {
			isa = XCBuildConfiguration;
			buildSettings = {
				ASSETCATALOG_COMPILER_APPICON_NAME = AppIcon;
				ASSETCATALOG_COMPILER_GLOBAL_ACCENT_COLOR_NAME = AccentColor;
				CODE_SIGN_STYLE = Automatic;
				DEVELOPMENT_ASSET_PATHS = "\"YoliFlashZilla/Preview Content\"";
				DEVELOPMENT_TEAM = N8FYB826GQ;
				ENABLE_PREVIEWS = YES;
				INFOPLIST_FILE = YoliFlashZilla/Info.plist;
				IPHONEOS_DEPLOYMENT_TARGET = 14.0;
				LD_RUNPATH_SEARCH_PATHS = (
					"$(inherited)",
					"@executable_path/Frameworks",
				);
				PRODUCT_BUNDLE_IDENTIFIER = com.yolandafrutos.YoliFlashZilla;
				PRODUCT_NAME = "$(TARGET_NAME)";
				SWIFT_VERSION = 5.0;
				TARGETED_DEVICE_FAMILY = "1,2";
			};
			name = Release;
		};
/* End XCBuildConfiguration section */

/* Begin XCConfigurationList section */
		23FCDBA6262EAB7B00F6D53C /* Build configuration list for PBXProject "YoliFlashZilla" */ = {
			isa = XCConfigurationList;
			buildConfigurations = (
				23FCDBB8262EAB7D00F6D53C /* Debug */,
				23FCDBB9262EAB7D00F6D53C /* Release */,
			);
			defaultConfigurationIsVisible = 0;
			defaultConfigurationName = Release;
		};
		23FCDBBA262EAB7D00F6D53C /* Build configuration list for PBXNativeTarget "YoliFlashZilla" */ = {
			isa = XCConfigurationList;
			buildConfigurations = (
				23FCDBBB262EAB7D00F6D53C /* Debug */,
				23FCDBBC262EAB7D00F6D53C /* Release */,
			);
			defaultConfigurationIsVisible = 0;
			defaultConfigurationName = Release;
		};
/* End XCConfigurationList section */
	};
	rootObject = 23FCDBA3262EAB7B00F6D53C /* Project object */;
}
